
Microsoft Visual Studio Solution File, Format Version 12.00
# Visual Studio Version 17
VisualStudioVersion = 17.1.32421.90
MinimumVisualStudioVersion = 10.0.40219.1
Project("{9A19103F-16F7-4668-BE54-9A1E7A4F7556}") = "OpenClosedPrinciple", "OpenClosedPrinciple\OpenClosedPrinciple.csproj", "{07285375-AC29-4A6D-9E2A-81C4BD955298}"
EndProject
Project("{9A19103F-16F7-4668-BE54-9A1E7A4F7556}") = "SingleResponsibilityPrinciple", "SingleResponsibilityPrinciple\SingleResponsibilityPrinciple.csproj", "{2CACC5CF-94F2-41DC-857E-009BD51C3723}"
EndProject
Project("{9A19103F-16F7-4668-BE54-9A1E7A4F7556}") = "LiskovSubstitutionPrinciple", "LiskovSubstitutionPrinciple\LiskovSubstitutionPrinciple.csproj", "{2C294024-EC40-48A6-8FBB-0339BD764B24}"
EndProject
Project("{9A19103F-16F7-4668-BE54-9A1E7A4F7556}") = "InterfaceSegregationPrinciple", "InterfaceSegregationPrinciple\InterfaceSegregationPrinciple.csproj", "{F8213022-A9E4-4FBC-B88F-A69F35466877}"
EndProject
Project("{9A19103F-16F7-4668-BE54-9A1E7A4F7556}") = "DependencyInversionPrinciple", "DependencyInversionPrinciple\DependencyInversionPrinciple.csproj", "{A01D7661-A692-4066-B7FE-6471A1D3C15A}"
EndProject
Project("{2150E333-8FDC-42A3-9474-1A3956D46DE8}") = "SOLID", "SOLID", "{23191426-E646-4641-8E30-334CBE1E8A80}"
EndProject
Project("{2150E333-8FDC-42A3-9474-1A3956D46DE8}") = "Creational Patterns", "Creational Patterns", "{0FAD20D6-4492-4F9D-92D2-6FFB8A0B6C0F}"
EndProject
Project("{9A19103F-16F7-4668-BE54-9A1E7A4F7556}") = "Builder", "Builder\Builder.csproj", "{A1082B07-404A-41FF-81FF-92033EB8949B}"
EndProject
Project("{2150E333-8FDC-42A3-9474-1A3956D46DE8}") = "Builders", "Builders", "{AFF30D82-902F-4F36-8CC5-3E91D2FEFB8B}"
EndProject
Project("{9A19103F-16F7-4668-BE54-9A1E7A4F7556}") = "StepwiseBuilder", "StepwiseBuilder\StepwiseBuilder.csproj", "{EABBFE70-4EA0-4183-B676-BD76A6BF7A43}"
EndProject
Project("{2150E333-8FDC-42A3-9474-1A3956D46DE8}") = "Structural Patterns", "Structural Patterns", "{EB6E79AF-D5D8-4471-8F1F-988252AFBFBF}"
EndProject
Project("{2150E333-8FDC-42A3-9474-1A3956D46DE8}") = "Patterns", "Patterns", "{EB121F53-D129-4B35-818D-DA9504B2567A}"
EndProject
Project("{2150E333-8FDC-42A3-9474-1A3956D46DE8}") = "Adapters", "Adapters", "{910B00AE-4588-46DE-9285-F50934864B23}"
EndProject
Project("{9A19103F-16F7-4668-BE54-9A1E7A4F7556}") = "Adapter", "Adapter\Adapter.csproj", "{F8D4DE0E-6860-4637-8D8F-1AE899477967}"
EndProject
Project("{FAE04EC0-301F-11D3-BF4B-00C04F79EFBC}") = "Practice", "Practice\Practice.csproj", "{3242E171-7B6F-4A45-A52F-76BDCD8F3F13}"
EndProject
Project("{2150E333-8FDC-42A3-9474-1A3956D46DE8}") = "Behavioral Patterns", "Behavioral Patterns", "{E7E1A727-C2C0-4CF9-8926-D840E67FE20E}"
EndProject
Project("{9A19103F-16F7-4668-BE54-9A1E7A4F7556}") = "Observer", "Observer\Observer.csproj", "{CDFC0949-90B2-4B08-B0CF-9321B012B74C}"
EndProject
Project("{9A19103F-16F7-4668-BE54-9A1E7A4F7556}") = "ObserverViaInterface", "ObserverViaInterface\ObserverViaInterface.csproj", "{52D9D9A0-1F18-456A-AE3B-115F8D278D00}"
EndProject
Project("{9A19103F-16F7-4668-BE54-9A1E7A4F7556}") = "ObserverPractice", "ObserverPractice\ObserverPractice.csproj", "{80B114A0-73DD-41C6-A3A0-EC1E868D07D6}"
EndProject
Project("{2150E333-8FDC-42A3-9474-1A3956D46DE8}") = "Factories", "Factories", "{24B903AB-E248-48DE-9A07-2B5246AC9F42}"
EndProject
Project("{9A19103F-16F7-4668-BE54-9A1E7A4F7556}") = "FactoriesPractice", "FactoriesPractice\FactoriesPractice.csproj", "{73243B5C-9E31-4AB8-B48A-2EC8383EC4ED}"
EndProject
Project("{9A19103F-16F7-4668-BE54-9A1E7A4F7556}") = "FactoryMethod", "FactoryMethod\FactoryMethod.csproj", "{D7EB13B7-DC30-4D9B-96C7-15D8C44D8CF7}"
EndProject
Project("{9A19103F-16F7-4668-BE54-9A1E7A4F7556}") = "AbstractFactory", "AbstractFactory\AbstractFactory.csproj", "{22C3BF41-E199-4F7D-8202-4491BD0F6543}"
EndProject
Project("{2150E333-8FDC-42A3-9474-1A3956D46DE8}") = "Solution Items", "Solution Items", "{6290F83F-0D9B-4B7D-B744-1AE13632DB5C}"
	ProjectSection(SolutionItems) = preProject
		.editorconfig = .editorconfig
	EndProjectSection
EndProject
Project("{2150E333-8FDC-42A3-9474-1A3956D46DE8}") = "Observers", "Observers", "{846CF356-4CF9-4CAD-8AAF-61EC6F4CCA86}"
EndProject
Project("{2150E333-8FDC-42A3-9474-1A3956D46DE8}") = "Decorators", "Decorators", "{5A18F9A0-68FF-41B3-9957-391CC7C81910}"
EndProject
Project("{2150E333-8FDC-42A3-9474-1A3956D46DE8}") = "Compositions", "Compositions", "{87A6D960-AF71-440C-B4DC-6A9AAC84ACC0}"
EndProject
Project("{FAE04EC0-301F-11D3-BF4B-00C04F79EFBC}") = "CompositionPractice", "CompositionPractice\CompositionPractice.csproj", "{4196E2DD-F8A4-42E6-954C-C224A871A5A4}"
EndProject
Project("{FAE04EC0-301F-11D3-BF4B-00C04F79EFBC}") = "Composition", "Composition\Composition.csproj", "{DC697F0A-46E5-4CB8-B8F8-D2C2396064B8}"
EndProject
Project("{FAE04EC0-301F-11D3-BF4B-00C04F79EFBC}") = "NeuralNetworks", "NeuralNetworks\NeuralNetworks.csproj", "{D5A38969-E1F3-4A2B-BAD4-4DE258067B69}"
EndProject
Global
	GlobalSection(SolutionConfigurationPlatforms) = preSolution
		Debug|Any CPU = Debug|Any CPU
		Release|Any CPU = Release|Any CPU
	EndGlobalSection
	GlobalSection(ProjectConfigurationPlatforms) = postSolution
		{07285375-AC29-4A6D-9E2A-81C4BD955298}.Debug|Any CPU.ActiveCfg = Debug|Any CPU
		{07285375-AC29-4A6D-9E2A-81C4BD955298}.Debug|Any CPU.Build.0 = Debug|Any CPU
		{07285375-AC29-4A6D-9E2A-81C4BD955298}.Release|Any CPU.ActiveCfg = Release|Any CPU
		{07285375-AC29-4A6D-9E2A-81C4BD955298}.Release|Any CPU.Build.0 = Release|Any CPU
		{2CACC5CF-94F2-41DC-857E-009BD51C3723}.Debug|Any CPU.ActiveCfg = Debug|Any CPU
		{2CACC5CF-94F2-41DC-857E-009BD51C3723}.Debug|Any CPU.Build.0 = Debug|Any CPU
		{2CACC5CF-94F2-41DC-857E-009BD51C3723}.Release|Any CPU.ActiveCfg = Release|Any CPU
		{2CACC5CF-94F2-41DC-857E-009BD51C3723}.Release|Any CPU.Build.0 = Release|Any CPU
		{2C294024-EC40-48A6-8FBB-0339BD764B24}.Debug|Any CPU.ActiveCfg = Debug|Any CPU
		{2C294024-EC40-48A6-8FBB-0339BD764B24}.Debug|Any CPU.Build.0 = Debug|Any CPU
		{2C294024-EC40-48A6-8FBB-0339BD764B24}.Release|Any CPU.ActiveCfg = Release|Any CPU
		{2C294024-EC40-48A6-8FBB-0339BD764B24}.Release|Any CPU.Build.0 = Release|Any CPU
		{F8213022-A9E4-4FBC-B88F-A69F35466877}.Debug|Any CPU.ActiveCfg = Debug|Any CPU
		{F8213022-A9E4-4FBC-B88F-A69F35466877}.Debug|Any CPU.Build.0 = Debug|Any CPU
		{F8213022-A9E4-4FBC-B88F-A69F35466877}.Release|Any CPU.ActiveCfg = Release|Any CPU
		{F8213022-A9E4-4FBC-B88F-A69F35466877}.Release|Any CPU.Build.0 = Release|Any CPU
		{A01D7661-A692-4066-B7FE-6471A1D3C15A}.Debug|Any CPU.ActiveCfg = Debug|Any CPU
		{A01D7661-A692-4066-B7FE-6471A1D3C15A}.Debug|Any CPU.Build.0 = Debug|Any CPU
		{A01D7661-A692-4066-B7FE-6471A1D3C15A}.Release|Any CPU.ActiveCfg = Release|Any CPU
		{A01D7661-A692-4066-B7FE-6471A1D3C15A}.Release|Any CPU.Build.0 = Release|Any CPU
		{A1082B07-404A-41FF-81FF-92033EB8949B}.Debug|Any CPU.ActiveCfg = Debug|Any CPU
		{A1082B07-404A-41FF-81FF-92033EB8949B}.Debug|Any CPU.Build.0 = Debug|Any CPU
		{A1082B07-404A-41FF-81FF-92033EB8949B}.Release|Any CPU.ActiveCfg = Release|Any CPU
		{A1082B07-404A-41FF-81FF-92033EB8949B}.Release|Any CPU.Build.0 = Release|Any CPU
		{EABBFE70-4EA0-4183-B676-BD76A6BF7A43}.Debug|Any CPU.ActiveCfg = Debug|Any CPU
		{EABBFE70-4EA0-4183-B676-BD76A6BF7A43}.Debug|Any CPU.Build.0 = Debug|Any CPU
		{EABBFE70-4EA0-4183-B676-BD76A6BF7A43}.Release|Any CPU.ActiveCfg = Release|Any CPU
		{EABBFE70-4EA0-4183-B676-BD76A6BF7A43}.Release|Any CPU.Build.0 = Release|Any CPU
		{F8D4DE0E-6860-4637-8D8F-1AE899477967}.Debug|Any CPU.ActiveCfg = Debug|Any CPU
		{F8D4DE0E-6860-4637-8D8F-1AE899477967}.Debug|Any CPU.Build.0 = Debug|Any CPU
		{F8D4DE0E-6860-4637-8D8F-1AE899477967}.Release|Any CPU.ActiveCfg = Release|Any CPU
		{F8D4DE0E-6860-4637-8D8F-1AE899477967}.Release|Any CPU.Build.0 = Release|Any CPU
		{3242E171-7B6F-4A45-A52F-76BDCD8F3F13}.Debug|Any CPU.ActiveCfg = Debug|Any CPU
		{3242E171-7B6F-4A45-A52F-76BDCD8F3F13}.Debug|Any CPU.Build.0 = Debug|Any CPU
		{3242E171-7B6F-4A45-A52F-76BDCD8F3F13}.Release|Any CPU.ActiveCfg = Release|Any CPU
		{3242E171-7B6F-4A45-A52F-76BDCD8F3F13}.Release|Any CPU.Build.0 = Release|Any CPU
		{CDFC0949-90B2-4B08-B0CF-9321B012B74C}.Debug|Any CPU.ActiveCfg = Debug|Any CPU
		{CDFC0949-90B2-4B08-B0CF-9321B012B74C}.Debug|Any CPU.Build.0 = Debug|Any CPU
		{CDFC0949-90B2-4B08-B0CF-9321B012B74C}.Release|Any CPU.ActiveCfg = Release|Any CPU
		{CDFC0949-90B2-4B08-B0CF-9321B012B74C}.Release|Any CPU.Build.0 = Release|Any CPU
		{52D9D9A0-1F18-456A-AE3B-115F8D278D00}.Debug|Any CPU.ActiveCfg = Debug|Any CPU
		{52D9D9A0-1F18-456A-AE3B-115F8D278D00}.Debug|Any CPU.Build.0 = Debug|Any CPU
		{52D9D9A0-1F18-456A-AE3B-115F8D278D00}.Release|Any CPU.ActiveCfg = Release|Any CPU
		{52D9D9A0-1F18-456A-AE3B-115F8D278D00}.Release|Any CPU.Build.0 = Release|Any CPU
		{80B114A0-73DD-41C6-A3A0-EC1E868D07D6}.Debug|Any CPU.ActiveCfg = Debug|Any CPU
		{80B114A0-73DD-41C6-A3A0-EC1E868D07D6}.Debug|Any CPU.Build.0 = Debug|Any CPU
		{80B114A0-73DD-41C6-A3A0-EC1E868D07D6}.Release|Any CPU.ActiveCfg = Release|Any CPU
		{80B114A0-73DD-41C6-A3A0-EC1E868D07D6}.Release|Any CPU.Build.0 = Release|Any CPU
		{73243B5C-9E31-4AB8-B48A-2EC8383EC4ED}.Debug|Any CPU.ActiveCfg = Debug|Any CPU
		{73243B5C-9E31-4AB8-B48A-2EC8383EC4ED}.Debug|Any CPU.Build.0 = Debug|Any CPU
		{73243B5C-9E31-4AB8-B48A-2EC8383EC4ED}.Release|Any CPU.ActiveCfg = Release|Any CPU
		{73243B5C-9E31-4AB8-B48A-2EC8383EC4ED}.Release|Any CPU.Build.0 = Release|Any CPU
		{D7EB13B7-DC30-4D9B-96C7-15D8C44D8CF7}.Debug|Any CPU.ActiveCfg = Debug|Any CPU
		{D7EB13B7-DC30-4D9B-96C7-15D8C44D8CF7}.Debug|Any CPU.Build.0 = Debug|Any CPU
		{D7EB13B7-DC30-4D9B-96C7-15D8C44D8CF7}.Release|Any CPU.ActiveCfg = Release|Any CPU
		{D7EB13B7-DC30-4D9B-96C7-15D8C44D8CF7}.Release|Any CPU.Build.0 = Release|Any CPU
		{22C3BF41-E199-4F7D-8202-4491BD0F6543}.Debug|Any CPU.ActiveCfg = Debug|Any CPU
		{22C3BF41-E199-4F7D-8202-4491BD0F6543}.Debug|Any CPU.Build.0 = Debug|Any CPU
		{22C3BF41-E199-4F7D-8202-4491BD0F6543}.Release|Any CPU.ActiveCfg = Release|Any CPU
		{22C3BF41-E199-4F7D-8202-4491BD0F6543}.Release|Any CPU.Build.0 = Release|Any CPU
		{4196E2DD-F8A4-42E6-954C-C224A871A5A4}.Debug|Any CPU.ActiveCfg = Debug|Any CPU
		{4196E2DD-F8A4-42E6-954C-C224A871A5A4}.Debug|Any CPU.Build.0 = Debug|Any CPU
		{4196E2DD-F8A4-42E6-954C-C224A871A5A4}.Release|Any CPU.ActiveCfg = Release|Any CPU
		{4196E2DD-F8A4-42E6-954C-C224A871A5A4}.Release|Any CPU.Build.0 = Release|Any CPU
		{DC697F0A-46E5-4CB8-B8F8-D2C2396064B8}.Debug|Any CPU.ActiveCfg = Debug|Any CPU
		{DC697F0A-46E5-4CB8-B8F8-D2C2396064B8}.Debug|Any CPU.Build.0 = Debug|Any CPU
		{DC697F0A-46E5-4CB8-B8F8-D2C2396064B8}.Release|Any CPU.ActiveCfg = Release|Any CPU
		{DC697F0A-46E5-4CB8-B8F8-D2C2396064B8}.Release|Any CPU.Build.0 = Release|Any CPU
		{D5A38969-E1F3-4A2B-BAD4-4DE258067B69}.Debug|Any CPU.ActiveCfg = Debug|Any CPU
		{D5A38969-E1F3-4A2B-BAD4-4DE258067B69}.Debug|Any CPU.Build.0 = Debug|Any CPU
		{D5A38969-E1F3-4A2B-BAD4-4DE258067B69}.Release|Any CPU.ActiveCfg = Release|Any CPU
		{D5A38969-E1F3-4A2B-BAD4-4DE258067B69}.Release|Any CPU.Build.0 = Release|Any CPU
	EndGlobalSection
	GlobalSection(SolutionProperties) = preSolution
		HideSolutionNode = FALSE
	EndGlobalSection
	GlobalSection(NestedProjects) = preSolution
		{07285375-AC29-4A6D-9E2A-81C4BD955298} = {23191426-E646-4641-8E30-334CBE1E8A80}
		{2CACC5CF-94F2-41DC-857E-009BD51C3723} = {23191426-E646-4641-8E30-334CBE1E8A80}
		{2C294024-EC40-48A6-8FBB-0339BD764B24} = {23191426-E646-4641-8E30-334CBE1E8A80}
		{F8213022-A9E4-4FBC-B88F-A69F35466877} = {23191426-E646-4641-8E30-334CBE1E8A80}
		{A01D7661-A692-4066-B7FE-6471A1D3C15A} = {23191426-E646-4641-8E30-334CBE1E8A80}
		{0FAD20D6-4492-4F9D-92D2-6FFB8A0B6C0F} = {EB121F53-D129-4B35-818D-DA9504B2567A}
		{A1082B07-404A-41FF-81FF-92033EB8949B} = {AFF30D82-902F-4F36-8CC5-3E91D2FEFB8B}
		{AFF30D82-902F-4F36-8CC5-3E91D2FEFB8B} = {0FAD20D6-4492-4F9D-92D2-6FFB8A0B6C0F}
		{EABBFE70-4EA0-4183-B676-BD76A6BF7A43} = {AFF30D82-902F-4F36-8CC5-3E91D2FEFB8B}
		{EB6E79AF-D5D8-4471-8F1F-988252AFBFBF} = {EB121F53-D129-4B35-818D-DA9504B2567A}
		{910B00AE-4588-46DE-9285-F50934864B23} = {EB6E79AF-D5D8-4471-8F1F-988252AFBFBF}
		{F8D4DE0E-6860-4637-8D8F-1AE899477967} = {910B00AE-4588-46DE-9285-F50934864B23}
		{3242E171-7B6F-4A45-A52F-76BDCD8F3F13} = {910B00AE-4588-46DE-9285-F50934864B23}
		{E7E1A727-C2C0-4CF9-8926-D840E67FE20E} = {EB121F53-D129-4B35-818D-DA9504B2567A}
		{CDFC0949-90B2-4B08-B0CF-9321B012B74C} = {846CF356-4CF9-4CAD-8AAF-61EC6F4CCA86}
		{52D9D9A0-1F18-456A-AE3B-115F8D278D00} = {846CF356-4CF9-4CAD-8AAF-61EC6F4CCA86}
		{80B114A0-73DD-41C6-A3A0-EC1E868D07D6} = {846CF356-4CF9-4CAD-8AAF-61EC6F4CCA86}
		{24B903AB-E248-48DE-9A07-2B5246AC9F42} = {0FAD20D6-4492-4F9D-92D2-6FFB8A0B6C0F}
		{73243B5C-9E31-4AB8-B48A-2EC8383EC4ED} = {24B903AB-E248-48DE-9A07-2B5246AC9F42}
		{D7EB13B7-DC30-4D9B-96C7-15D8C44D8CF7} = {24B903AB-E248-48DE-9A07-2B5246AC9F42}
		{22C3BF41-E199-4F7D-8202-4491BD0F6543} = {24B903AB-E248-48DE-9A07-2B5246AC9F42}
		{846CF356-4CF9-4CAD-8AAF-61EC6F4CCA86} = {E7E1A727-C2C0-4CF9-8926-D840E67FE20E}
		{5A18F9A0-68FF-41B3-9957-391CC7C81910} = {E7E1A727-C2C0-4CF9-8926-D840E67FE20E}
		{87A6D960-AF71-440C-B4DC-6A9AAC84ACC0} = {EB6E79AF-D5D8-4471-8F1F-988252AFBFBF}
		{4196E2DD-F8A4-42E6-954C-C224A871A5A4} = {87A6D960-AF71-440C-B4DC-6A9AAC84ACC0}
		{DC697F0A-46E5-4CB8-B8F8-D2C2396064B8} = {87A6D960-AF71-440C-B4DC-6A9AAC84ACC0}
		{D5A38969-E1F3-4A2B-BAD4-4DE258067B69} = {87A6D960-AF71-440C-B4DC-6A9AAC84ACC0}
	EndGlobalSection
	GlobalSection(ExtensibilityGlobals) = postSolution
		SolutionGuid = {3CFBF6E4-7B82-4027-84CD-D7A2E69ECCE7}
	EndGlobalSection
EndGlobal
