
Microsoft Visual Studio Solution File, Format Version 12.00
# Visual Studio Version 17
VisualStudioVersion = 17.1.32421.90
MinimumVisualStudioVersion = 10.0.40219.1
Project("{9A19103F-16F7-4668-BE54-9A1E7A4F7556}") = "OpenClosedPrinciple", "OpenClosedPrinciple\OpenClosedPrinciple.csproj", "{07285375-AC29-4A6D-9E2A-81C4BD955298}"
EndProject
Project("{9A19103F-16F7-4668-BE54-9A1E7A4F7556}") = "SingleResponsibilityPrinciple", "SingleResponsibilityPrinciple\SingleResponsibilityPrinciple.csproj", "{2CACC5CF-94F2-41DC-857E-009BD51C3723}"
EndProject
Project("{9A19103F-16F7-4668-BE54-9A1E7A4F7556}") = "LiskovSubstitutionPrinciple", "LiskovSubstitutionPrinciple\LiskovSubstitutionPrinciple.csproj", "{2C294024-EC40-48A6-8FBB-0339BD764B24}"
EndProject
Project("{FAE04EC0-301F-11D3-BF4B-00C04F79EFBC}") = "InterfaceSegregationPrinciple", "InterfaceSegregationPrinciple\InterfaceSegregationPrinciple.csproj", "{F8213022-A9E4-4FBC-B88F-A69F35466877}"
EndProject
Project("{FAE04EC0-301F-11D3-BF4B-00C04F79EFBC}") = "DependencyInversionPrinciple", "DependencyInversionPrinciple\DependencyInversionPrinciple.csproj", "{A01D7661-A692-4066-B7FE-6471A1D3C15A}"
EndProject
Project("{2150E333-8FDC-42A3-9474-1A3956D46DE8}") = "SOLID", "SOLID", "{23191426-E646-4641-8E30-334CBE1E8A80}"
EndProject
Project("{2150E333-8FDC-42A3-9474-1A3956D46DE8}") = "Creational Patterns", "Creational Patterns", "{0FAD20D6-4492-4F9D-92D2-6FFB8A0B6C0F}"
EndProject
Project("{FAE04EC0-301F-11D3-BF4B-00C04F79EFBC}") = "Builder", "Builder\Builder.csproj", "{A1082B07-404A-41FF-81FF-92033EB8949B}"
EndProject
Project("{2150E333-8FDC-42A3-9474-1A3956D46DE8}") = "Builders", "Builders", "{AFF30D82-902F-4F36-8CC5-3E91D2FEFB8B}"
EndProject
Project("{FAE04EC0-301F-11D3-BF4B-00C04F79EFBC}") = "StepwiseBuilder", "StepwiseBuilder\StepwiseBuilder.csproj", "{EABBFE70-4EA0-4183-B676-BD76A6BF7A43}"
EndProject
Project("{2150E333-8FDC-42A3-9474-1A3956D46DE8}") = "NewFolder1", "NewFolder1", "{E06163F9-E3EF-4FEC-BB27-47D0F9A818FB}"
EndProject
Global
	GlobalSection(SolutionConfigurationPlatforms) = preSolution
		Debug|Any CPU = Debug|Any CPU
		Release|Any CPU = Release|Any CPU
	EndGlobalSection
	GlobalSection(ProjectConfigurationPlatforms) = postSolution
		{07285375-AC29-4A6D-9E2A-81C4BD955298}.Debug|Any CPU.ActiveCfg = Debug|Any CPU
		{07285375-AC29-4A6D-9E2A-81C4BD955298}.Debug|Any CPU.Build.0 = Debug|Any CPU
		{07285375-AC29-4A6D-9E2A-81C4BD955298}.Release|Any CPU.ActiveCfg = Release|Any CPU
		{07285375-AC29-4A6D-9E2A-81C4BD955298}.Release|Any CPU.Build.0 = Release|Any CPU
		{2CACC5CF-94F2-41DC-857E-009BD51C3723}.Debug|Any CPU.ActiveCfg = Debug|Any CPU
		{2CACC5CF-94F2-41DC-857E-009BD51C3723}.Debug|Any CPU.Build.0 = Debug|Any CPU
		{2CACC5CF-94F2-41DC-857E-009BD51C3723}.Release|Any CPU.ActiveCfg = Release|Any CPU
		{2CACC5CF-94F2-41DC-857E-009BD51C3723}.Release|Any CPU.Build.0 = Release|Any CPU
		{2C294024-EC40-48A6-8FBB-0339BD764B24}.Debug|Any CPU.ActiveCfg = Debug|Any CPU
		{2C294024-EC40-48A6-8FBB-0339BD764B24}.Debug|Any CPU.Build.0 = Debug|Any CPU
		{2C294024-EC40-48A6-8FBB-0339BD764B24}.Release|Any CPU.ActiveCfg = Release|Any CPU
		{2C294024-EC40-48A6-8FBB-0339BD764B24}.Release|Any CPU.Build.0 = Release|Any CPU
		{F8213022-A9E4-4FBC-B88F-A69F35466877}.Debug|Any CPU.ActiveCfg = Debug|Any CPU
		{F8213022-A9E4-4FBC-B88F-A69F35466877}.Debug|Any CPU.Build.0 = Debug|Any CPU
		{F8213022-A9E4-4FBC-B88F-A69F35466877}.Release|Any CPU.ActiveCfg = Release|Any CPU
		{F8213022-A9E4-4FBC-B88F-A69F35466877}.Release|Any CPU.Build.0 = Release|Any CPU
		{A01D7661-A692-4066-B7FE-6471A1D3C15A}.Debug|Any CPU.ActiveCfg = Debug|Any CPU
		{A01D7661-A692-4066-B7FE-6471A1D3C15A}.Debug|Any CPU.Build.0 = Debug|Any CPU
		{A01D7661-A692-4066-B7FE-6471A1D3C15A}.Release|Any CPU.ActiveCfg = Release|Any CPU
		{A01D7661-A692-4066-B7FE-6471A1D3C15A}.Release|Any CPU.Build.0 = Release|Any CPU
		{A1082B07-404A-41FF-81FF-92033EB8949B}.Debug|Any CPU.ActiveCfg = Debug|Any CPU
		{A1082B07-404A-41FF-81FF-92033EB8949B}.Debug|Any CPU.Build.0 = Debug|Any CPU
		{A1082B07-404A-41FF-81FF-92033EB8949B}.Release|Any CPU.ActiveCfg = Release|Any CPU
		{A1082B07-404A-41FF-81FF-92033EB8949B}.Release|Any CPU.Build.0 = Release|Any CPU
		{EABBFE70-4EA0-4183-B676-BD76A6BF7A43}.Debug|Any CPU.ActiveCfg = Debug|Any CPU
		{EABBFE70-4EA0-4183-B676-BD76A6BF7A43}.Debug|Any CPU.Build.0 = Debug|Any CPU
		{EABBFE70-4EA0-4183-B676-BD76A6BF7A43}.Release|Any CPU.ActiveCfg = Release|Any CPU
		{EABBFE70-4EA0-4183-B676-BD76A6BF7A43}.Release|Any CPU.Build.0 = Release|Any CPU
	EndGlobalSection
	GlobalSection(SolutionProperties) = preSolution
		HideSolutionNode = FALSE
	EndGlobalSection
	GlobalSection(NestedProjects) = preSolution
		{07285375-AC29-4A6D-9E2A-81C4BD955298} = {23191426-E646-4641-8E30-334CBE1E8A80}
		{2CACC5CF-94F2-41DC-857E-009BD51C3723} = {23191426-E646-4641-8E30-334CBE1E8A80}
		{2C294024-EC40-48A6-8FBB-0339BD764B24} = {23191426-E646-4641-8E30-334CBE1E8A80}
		{F8213022-A9E4-4FBC-B88F-A69F35466877} = {23191426-E646-4641-8E30-334CBE1E8A80}
		{A01D7661-A692-4066-B7FE-6471A1D3C15A} = {23191426-E646-4641-8E30-334CBE1E8A80}
		{A1082B07-404A-41FF-81FF-92033EB8949B} = {AFF30D82-902F-4F36-8CC5-3E91D2FEFB8B}
		{AFF30D82-902F-4F36-8CC5-3E91D2FEFB8B} = {0FAD20D6-4492-4F9D-92D2-6FFB8A0B6C0F}
		{EABBFE70-4EA0-4183-B676-BD76A6BF7A43} = {AFF30D82-902F-4F36-8CC5-3E91D2FEFB8B}
	EndGlobalSection
	GlobalSection(ExtensibilityGlobals) = postSolution
		SolutionGuid = {3CFBF6E4-7B82-4027-84CD-D7A2E69ECCE7}
	EndGlobalSection
EndGlobal
