
Microsoft Visual Studio Solution File, Format Version 12.00
# Visual Studio Version 17
VisualStudioVersion = 17.1.32421.90
MinimumVisualStudioVersion = 10.0.40219.1
Project("{FAE04EC0-301F-11D3-BF4B-00C04F79EFBC}") = "SingleResponsibilityPrinciple", "SingleResponsibilityPrinciple.csproj", "{C3B16C15-295B-4632-83A0-F45FD6EE669B}"
EndProject
Project("{FAE04EC0-301F-11D3-BF4B-00C04F79EFBC}") = "OpenClosedPrinciple", "..\OpenClosedPrinciple\OpenClosedPrinciple.csproj", "{07285375-AC29-4A6D-9E2A-81C4BD955298}"
EndProject
Global
	GlobalSection(SolutionConfigurationPlatforms) = preSolution
		Debug|Any CPU = Debug|Any CPU
		Release|Any CPU = Release|Any CPU
	EndGlobalSection
	GlobalSection(ProjectConfigurationPlatforms) = postSolution
		{C3B16C15-295B-4632-83A0-F45FD6EE669B}.Debug|Any CPU.ActiveCfg = Debug|Any CPU
		{C3B16C15-295B-4632-83A0-F45FD6EE669B}.Debug|Any CPU.Build.0 = Debug|Any CPU
		{C3B16C15-295B-4632-83A0-F45FD6EE669B}.Release|Any CPU.ActiveCfg = Release|Any CPU
		{C3B16C15-295B-4632-83A0-F45FD6EE669B}.Release|Any CPU.Build.0 = Release|Any CPU
		{07285375-AC29-4A6D-9E2A-81C4BD955298}.Debug|Any CPU.ActiveCfg = Debug|Any CPU
		{07285375-AC29-4A6D-9E2A-81C4BD955298}.Debug|Any CPU.Build.0 = Debug|Any CPU
		{07285375-AC29-4A6D-9E2A-81C4BD955298}.Release|Any CPU.ActiveCfg = Release|Any CPU
		{07285375-AC29-4A6D-9E2A-81C4BD955298}.Release|Any CPU.Build.0 = Release|Any CPU
	EndGlobalSection
	GlobalSection(SolutionProperties) = preSolution
		HideSolutionNode = FALSE
	EndGlobalSection
	GlobalSection(ExtensibilityGlobals) = postSolution
		SolutionGuid = {3CFBF6E4-7B82-4027-84CD-D7A2E69ECCE7}
	EndGlobalSection
EndGlobal
